
Microsoft Visual Studio Solution File, Format Version 12.00
# Visual Studio 15
VisualStudioVersion = 15.0.28010.2041
MinimumVisualStudioVersion = 10.0.40219.1
Project("{8BC9CEB8-8B4A-11D0-8D11-00A0C91BC942}") = "HalideGenerator", "HalideGenerator\HalideGenerator.vcxproj", "{12E97E0C-5202-4230-94E0-565723DDF48E}"
EndProject
Project("{8BC9CEB8-8B4A-11D0-8D11-00A0C91BC942}") = "HalideGenerated", "HalideGenerated\HalideGenerated.vcxproj", "{DD6F23C1-74C9-45E7-A18E-87EA9F333216}"
EndProject
Project("{FAE04EC0-301F-11D3-BF4B-00C04F79EFBC}") = "ConsoleApp", "ConsoleApp\ConsoleApp.csproj", "{D051C237-0024-4AF4-9333-957E0601182F}"
	ProjectSection(ProjectDependencies) = postProject
		{12E97E0C-5202-4230-94E0-565723DDF48E} = {12E97E0C-5202-4230-94E0-565723DDF48E}
		{DD6F23C1-74C9-45E7-A18E-87EA9F333216} = {DD6F23C1-74C9-45E7-A18E-87EA9F333216}
	EndProjectSection
EndProject
Global
	GlobalSection(SolutionConfigurationPlatforms) = preSolution
		Debug|Any CPU = Debug|Any CPU
		Debug|x64 = Debug|x64
		Debug|x86 = Debug|x86
		Release|Any CPU = Release|Any CPU
		Release|x64 = Release|x64
		Release|x86 = Release|x86
	EndGlobalSection
	GlobalSection(ProjectConfigurationPlatforms) = postSolution
		{12E97E0C-5202-4230-94E0-565723DDF48E}.Debug|Any CPU.ActiveCfg = Debug|Win32
		{12E97E0C-5202-4230-94E0-565723DDF48E}.Debug|x64.ActiveCfg = Debug|x64
		{12E97E0C-5202-4230-94E0-565723DDF48E}.Debug|x64.Build.0 = Debug|x64
		{12E97E0C-5202-4230-94E0-565723DDF48E}.Debug|x86.ActiveCfg = Debug|Win32
		{12E97E0C-5202-4230-94E0-565723DDF48E}.Debug|x86.Build.0 = Debug|Win32
		{12E97E0C-5202-4230-94E0-565723DDF48E}.Release|Any CPU.ActiveCfg = Release|Win32
		{12E97E0C-5202-4230-94E0-565723DDF48E}.Release|x64.ActiveCfg = Release|x64
		{12E97E0C-5202-4230-94E0-565723DDF48E}.Release|x64.Build.0 = Release|x64
		{12E97E0C-5202-4230-94E0-565723DDF48E}.Release|x86.ActiveCfg = Release|Win32
		{12E97E0C-5202-4230-94E0-565723DDF48E}.Release|x86.Build.0 = Release|Win32
		{DD6F23C1-74C9-45E7-A18E-87EA9F333216}.Debug|Any CPU.ActiveCfg = Debug|Win32
		{DD6F23C1-74C9-45E7-A18E-87EA9F333216}.Debug|x64.ActiveCfg = Debug|x64
		{DD6F23C1-74C9-45E7-A18E-87EA9F333216}.Debug|x64.Build.0 = Debug|x64
		{DD6F23C1-74C9-45E7-A18E-87EA9F333216}.Debug|x86.ActiveCfg = Debug|Win32
		{DD6F23C1-74C9-45E7-A18E-87EA9F333216}.Debug|x86.Build.0 = Debug|Win32
		{DD6F23C1-74C9-45E7-A18E-87EA9F333216}.Release|Any CPU.ActiveCfg = Release|Win32
		{DD6F23C1-74C9-45E7-A18E-87EA9F333216}.Release|x64.ActiveCfg = Release|x64
		{DD6F23C1-74C9-45E7-A18E-87EA9F333216}.Release|x64.Build.0 = Release|x64
		{DD6F23C1-74C9-45E7-A18E-87EA9F333216}.Release|x86.ActiveCfg = Release|Win32
		{DD6F23C1-74C9-45E7-A18E-87EA9F333216}.Release|x86.Build.0 = Release|Win32
		{D051C237-0024-4AF4-9333-957E0601182F}.Debug|Any CPU.ActiveCfg = Debug|Any CPU
		{D051C237-0024-4AF4-9333-957E0601182F}.Debug|Any CPU.Build.0 = Debug|Any CPU
		{D051C237-0024-4AF4-9333-957E0601182F}.Debug|x64.ActiveCfg = Debug|Any CPU
		{D051C237-0024-4AF4-9333-957E0601182F}.Debug|x64.Build.0 = Debug|Any CPU
		{D051C237-0024-4AF4-9333-957E0601182F}.Debug|x86.ActiveCfg = Debug|Any CPU
		{D051C237-0024-4AF4-9333-957E0601182F}.Debug|x86.Build.0 = Debug|Any CPU
		{D051C237-0024-4AF4-9333-957E0601182F}.Release|Any CPU.ActiveCfg = Release|Any CPU
		{D051C237-0024-4AF4-9333-957E0601182F}.Release|Any CPU.Build.0 = Release|Any CPU
		{D051C237-0024-4AF4-9333-957E0601182F}.Release|x64.ActiveCfg = Release|Any CPU
		{D051C237-0024-4AF4-9333-957E0601182F}.Release|x64.Build.0 = Release|Any CPU
		{D051C237-0024-4AF4-9333-957E0601182F}.Release|x86.ActiveCfg = Release|Any CPU
		{D051C237-0024-4AF4-9333-957E0601182F}.Release|x86.Build.0 = Release|Any CPU
	EndGlobalSection
	GlobalSection(SolutionProperties) = preSolution
		HideSolutionNode = FALSE
	EndGlobalSection
	GlobalSection(ExtensibilityGlobals) = postSolution
		SolutionGuid = {6B3903FF-E35F-46FE-BA68-2657062E899B}
	EndGlobalSection
EndGlobal
